
Microsoft Visual Studio Solution File, Format Version 12.00
# Visual Studio Version 16
VisualStudioVersion = 16.0.31321.278
MinimumVisualStudioVersion = 10.0.40219.1
Project("{FAE04EC0-301F-11D3-BF4B-00C04F79EFBC}") = "PluginTalktableWV", "PluginTalktableWV.csproj", "{FDD47888-3F8A-4E88-85A4-92FB36DA6A1B}"
EndProject
Global
	GlobalSection(SolutionConfigurationPlatforms) = preSolution
		Debug|Any CPU = Debug|Any CPU
		Release|Any CPU = Release|Any CPU
	EndGlobalSection
	GlobalSection(ProjectConfigurationPlatforms) = postSolution
		{FDD47888-3F8A-4E88-85A4-92FB36DA6A1B}.Debug|Any CPU.ActiveCfg = Debug|Any CPU
		{FDD47888-3F8A-4E88-85A4-92FB36DA6A1B}.Debug|Any CPU.Build.0 = Debug|Any CPU
		{FDD47888-3F8A-4E88-85A4-92FB36DA6A1B}.Release|Any CPU.ActiveCfg = Release|Any CPU
		{FDD47888-3F8A-4E88-85A4-92FB36DA6A1B}.Release|Any CPU.Build.0 = Release|Any CPU
	EndGlobalSection
	GlobalSection(SolutionProperties) = preSolution
		HideSolutionNode = FALSE
	EndGlobalSection
	GlobalSection(ExtensibilityGlobals) = postSolution
		SolutionGuid = {B7F6F0A8-EC03-4DF3-A255-CCA5BF678A4D}
	EndGlobalSection
EndGlobal
